
Microsoft Visual Studio Solution File, Format Version 12.00
# Visual Studio Version 17
VisualStudioVersion = 17.10.35013.160
MinimumVisualStudioVersion = 10.0.40219.1
Project("{8BC9CEB8-8B4A-11D0-8D11-00A0C91BC942}") = "Minesweeper", "Minesweeper.vcxproj", "{89046C3D-9DC6-45B9-BC8F-2B689A55EFF3}"
EndProject
Global
	GlobalSection(SolutionConfigurationPlatforms) = preSolution
		Debug|x64 = Debug|x64
		Debug|x86 = Debug|x86
		Release|x64 = Release|x64
		Release|x86 = Release|x86
	EndGlobalSection
	GlobalSection(ProjectConfigurationPlatforms) = postSolution
		{89046C3D-9DC6-45B9-BC8F-2B689A55EFF3}.Debug|x64.ActiveCfg = Debug|x64
		{89046C3D-9DC6-45B9-BC8F-2B689A55EFF3}.Debug|x64.Build.0 = Debug|x64
		{89046C3D-9DC6-45B9-BC8F-2B689A55EFF3}.Debug|x86.ActiveCfg = Debug|Win32
		{89046C3D-9DC6-45B9-BC8F-2B689A55EFF3}.Debug|x86.Build.0 = Debug|Win32
		{89046C3D-9DC6-45B9-BC8F-2B689A55EFF3}.Release|x64.ActiveCfg = Release|x64
		{89046C3D-9DC6-45B9-BC8F-2B689A55EFF3}.Release|x64.Build.0 = Release|x64
		{89046C3D-9DC6-45B9-BC8F-2B689A55EFF3}.Release|x86.ActiveCfg = Release|Win32
		{89046C3D-9DC6-45B9-BC8F-2B689A55EFF3}.Release|x86.Build.0 = Release|Win32
	EndGlobalSection
	GlobalSection(SolutionProperties) = preSolution
		HideSolutionNode = FALSE
	EndGlobalSection
	GlobalSection(ExtensibilityGlobals) = postSolution
		SolutionGuid = {932678C6-4595-4468-B1F4-F38C8A4913A9}
	EndGlobalSection
EndGlobal
